
Microsoft Visual Studio Solution File, Format Version 12.00
# Visual Studio Version 16
VisualStudioVersion = 16.0.29519.87
MinimumVisualStudioVersion = 10.0.40219.1
Project("{FAE04EC0-301F-11D3-BF4B-00C04F79EFBC}") = "MyFit", "MyFit\MyFit.csproj", "{ABBDB9FF-5B93-468E-BC0F-639B348106AD}"
EndProject
Global
	GlobalSection(SolutionConfigurationPlatforms) = preSolution
		Debug|Any CPU = Debug|Any CPU
		Release|Any CPU = Release|Any CPU
	EndGlobalSection
	GlobalSection(ProjectConfigurationPlatforms) = postSolution
		{ABBDB9FF-5B93-468E-BC0F-639B348106AD}.Debug|Any CPU.ActiveCfg = Debug|Any CPU
		{ABBDB9FF-5B93-468E-BC0F-639B348106AD}.Debug|Any CPU.Build.0 = Debug|Any CPU
		{ABBDB9FF-5B93-468E-BC0F-639B348106AD}.Debug|Any CPU.Deploy.0 = Debug|Any CPU
		{ABBDB9FF-5B93-468E-BC0F-639B348106AD}.Release|Any CPU.ActiveCfg = Release|Any CPU
		{ABBDB9FF-5B93-468E-BC0F-639B348106AD}.Release|Any CPU.Build.0 = Release|Any CPU
		{ABBDB9FF-5B93-468E-BC0F-639B348106AD}.Release|Any CPU.Deploy.0 = Release|Any CPU
	EndGlobalSection
	GlobalSection(SolutionProperties) = preSolution
		HideSolutionNode = FALSE
	EndGlobalSection
	GlobalSection(ExtensibilityGlobals) = postSolution
		SolutionGuid = {82199AC4-2052-4DD3-94AD-24E7C3112023}
	EndGlobalSection
EndGlobal
